lockfileVersion: '9.0'

settings:
  autoInstallPeers: true
  excludeLinksFromLockfile: false

importers:

  .:
    dependencies:
      '@radix-ui/react-slot':
        specifier: ^1.2.3
        version: 1.2.3(react@19.1.0)
      class-variance-authority:
        specifier: ^0.7.1
        version: 0.7.1
      framer-motion:
        specifier: ^12.23.0
        version: 12.23.0(react@19.1.0)
      lucide-react:
        specifier: ^0.525.0
        version: 0.525.0(react@19.1.0)
      tailwind-merge:
        specifier: ^3.3.1
        version: 3.3.1

packages:

  '@radix-ui/react-compose-refs@1.1.2':
    resolution: {integrity: sha512-z4eqJvfiNnFMHIIvXP3CY57y2WJs5g2v3X0zm9mEJkrkNv4rDxu+sg9Jh8EkXyeqBkB7SOcboo9dMVqhyrACIg==}
    peerDependencies:
      '@types/react': '*'
      react: ^16.8 || ^17.0 || ^18.0 || ^19.0 || ^19.0.0-rc
    peerDependenciesMeta:
      '@types/react':
        optional: true

  '@radix-ui/react-slot@1.2.3':
    resolution: {integrity: sha512-aeNmHnBxbi2St0au6VBVC7JXFlhLlOnvIIlePNniyUNAClzmtAUEY8/pBiK3iHjufOlwA+c20/8jngo7xcrg8A==}
    peerDependencies:
      '@types/react': '*'
      react: ^16.8 || ^17.0 || ^18.0 || ^19.0 || ^19.0.0-rc
    peerDependenciesMeta:
      '@types/react':
        optional: true

  class-variance-authority@0.7.1:
    resolution: {integrity: sha512-Ka+9Trutv7G8M6WT6SeiRWz792K5qEqIGEGzXKhAE6xOWAY6pPH8U+9IY3oCMv6kqTmLsv7Xh/2w2RigkePMsg==}

  clsx@2.1.1:
    resolution: {integrity: sha512-eYm0QWBtUrBWZWG0d386OGAw16Z995PiOVo2B7bjWSbHedGl5e0ZWaq65kOGgUSNesEIDkB9ISbTg/JK9dhCZA==}
    engines: {node: '>=6'}

  framer-motion@12.23.0:
    resolution: {integrity: sha512-xf6NxTGAyf7zR4r2KlnhFmsRfKIbjqeBupEDBAaEtVIBJX96sAon00kMlsKButSIRwPSHjbRrAPnYdJJ9kyhbA==}
    peerDependencies:
      '@emotion/is-prop-valid': '*'
      react: ^18.0.0 || ^19.0.0
      react-dom: ^18.0.0 || ^19.0.0
    peerDependenciesMeta:
      '@emotion/is-prop-valid':
        optional: true
      react:
        optional: true
      react-dom:
        optional: true

  lucide-react@0.525.0:
    resolution: {integrity: sha512-Tm1txJ2OkymCGkvwoHt33Y2JpN5xucVq1slHcgE6Lk0WjDfjgKWor5CdVER8U6DvcfMwh4M8XxmpTiyzfmfDYQ==}
    peerDependencies:
      react: ^16.5.1 || ^17.0.0 || ^18.0.0 || ^19.0.0

  motion-dom@12.22.0:
    resolution: {integrity: sha512-ooH7+/BPw9gOsL9VtPhEJHE2m4ltnhMlcGMhEqA0YGNhKof7jdaszvsyThXI6LVIKshJUZ9/CP6HNqQhJfV7kw==}

  motion-utils@12.19.0:
    resolution: {integrity: sha512-BuFTHINYmV07pdWs6lj6aI63vr2N4dg0vR+td0rtrdpWOhBzIkEklZyLcvKBoEtwSqx8Jg06vUB5RS0xDiUybw==}

  react@19.1.0:
    resolution: {integrity: sha512-FS+XFBNvn3GTAWq26joslQgWNoFu08F4kl0J4CgdNKADkdSGXQyTCnKteIAJy96Br6YbpEU1LSzV5dYtjMkMDg==}
    engines: {node: '>=0.10.0'}

  tailwind-merge@3.3.1:
    resolution: {integrity: sha512-gBXpgUm/3rp1lMZZrM/w7D8GKqshif0zAymAhbCyIt8KMe+0v9DQ7cdYLR4FHH/cKpdTXb+A/tKKU3eolfsI+g==}

  tslib@2.8.1:
    resolution: {integrity: sha512-oJFu94HQb+KVduSUQL7wnpmqnfmLsOA/nAh6b6EH0wCEoK0/mPeXU6c3wKDV83MkOuHPRHtSXKKU99IBazS/2w==}

snapshots:

  '@radix-ui/react-compose-refs@1.1.2(react@19.1.0)':
    dependencies:
      react: 19.1.0

  '@radix-ui/react-slot@1.2.3(react@19.1.0)':
    dependencies:
      '@radix-ui/react-compose-refs': 1.1.2(react@19.1.0)
      react: 19.1.0

  class-variance-authority@0.7.1:
    dependencies:
      clsx: 2.1.1

  clsx@2.1.1: {}

  framer-motion@12.23.0(react@19.1.0):
    dependencies:
      motion-dom: 12.22.0
      motion-utils: 12.19.0
      tslib: 2.8.1
    optionalDependencies:
      react: 19.1.0

  lucide-react@0.525.0(react@19.1.0):
    dependencies:
      react: 19.1.0

  motion-dom@12.22.0:
    dependencies:
      motion-utils: 12.19.0

  motion-utils@12.19.0: {}

  react@19.1.0: {}

  tailwind-merge@3.3.1: {}

  tslib@2.8.1: {}
